
Microsoft Visual Studio Solution File, Format Version 12.00
# Visual Studio Version 16
VisualStudioVersion = 16.0.30517.126
MinimumVisualStudioVersion = 10.0.40219.1
Project("{FAE04EC0-301F-11D3-BF4B-00C04F79EFBC}") = "Login", "Login\Login.csproj", "{1F7F0F1E-CAB7-4607-BEC6-1DEB258487FB}"
EndProject
Global
	GlobalSection(SolutionConfigurationPlatforms) = preSolution
		Debug|Any CPU = Debug|Any CPU
		Release|Any CPU = Release|Any CPU
	EndGlobalSection
	GlobalSection(ProjectConfigurationPlatforms) = postSolution
		{1F7F0F1E-CAB7-4607-BEC6-1DEB258487FB}.Debug|Any CPU.ActiveCfg = Debug|Any CPU
		{1F7F0F1E-CAB7-4607-BEC6-1DEB258487FB}.Debug|Any CPU.Build.0 = Debug|Any CPU
		{1F7F0F1E-CAB7-4607-BEC6-1DEB258487FB}.Release|Any CPU.ActiveCfg = Release|Any CPU
		{1F7F0F1E-CAB7-4607-BEC6-1DEB258487FB}.Release|Any CPU.Build.0 = Release|Any CPU
	EndGlobalSection
	GlobalSection(SolutionProperties) = preSolution
		HideSolutionNode = FALSE
	EndGlobalSection
	GlobalSection(ExtensibilityGlobals) = postSolution
		SolutionGuid = {12A7C959-91E2-4F52-99F0-C1F4F9A7F012}
	EndGlobalSection
EndGlobal
